# This file is automatically @generated by Cargo.
# It is not intended for manual editing.
version = 4

[[package]]
name = "lsharp-frame-adapter-headless"
version = "0.1.0"
dependencies = [
 "lsharp-frame-contract",
 "lsharp-frame-spi",
]

[[package]]
name = "lsharp-frame-contract"
version = "0.1.0"

[[package]]
name = "lsharp-frame-core"
version = "0.1.0"
dependencies = [
 "lsharp-frame-contract",
 "lsharp-frame-spi",
]

[[package]]
name = "lsharp-frame-headless"
version = "0.1.0"
dependencies = [
 "lsharp-frame-adapter-headless",
 "lsharp-frame-contract",
 "lsharp-frame-core",
 "lsharp-frame-spi",
]

[[package]]
name = "lsharp-frame-spi"
version = "0.1.0"
dependencies = [
 "lsharp-frame-contract",
]
